// !$*UTF8*$!
{
	archiveVersion = 1;
	classes = {
	};
	objectVersion = 77;
	objects = {

/* Begin PBXBuildFile section */
		01E5A1C61F94950651FC30AF /* BackgroundRendererTests.swift in Sources */ = {isa = PBXBuildFile; fileRef = 9683709034D8C85CCF265165 /* BackgroundRendererTests.swift */; };
		038AE01DAA2C38143AE272E1 /* AppSettings.swift in Sources */ = {isa = PBXBuildFile; fileRef = 1C7637BF7533195E06087011 /* AppSettings.swift */; };
		0514A8F36F3A6D78D7A200F0 /* WindowEnumerator.swift in Sources */ = {isa = PBXBuildFile; fileRef = F03BD58EF321E2ABA25BCC9A /* WindowEnumerator.swift */; };
		0B466ABF16EA542CBEE33D05 /* AppActions.swift in Sources */ = {isa = PBXBuildFile; fileRef = F7359CE4F33E01E771F2EB37 /* AppActions.swift */; };
		0D9734B17610E5FDD76FB4FF /* ThumbnailService.swift in Sources */ = {isa = PBXBuildFile; fileRef = 225A0FE55E7491CE3468D35D /* ThumbnailService.swift */; };
		0EE928BB7D0714747FD0A9FF /* HotKeyRecorder.swift in Sources */ = {isa = PBXBuildFile; fileRef = 93CC6EE32683E270C7CBD082 /* HotKeyRecorder.swift */; };
		12C9F8414B923962EDF2D1FD /* SettingsView.swift in Sources */ = {isa = PBXBuildFile; fileRef = E99E7EF481E4A996961E78CB /* SettingsView.swift */; };
		13DD41C8873D2B41F57E08F5 /* Localizable.xcstrings in Resources */ = {isa = PBXBuildFile; fileRef = DD46B88200B0666CEF313827 /* Localizable.xcstrings */; };
		150EA47DD7C163F03D040B74 /* RunningApps.swift in Sources */ = {isa = PBXBuildFile; fileRef = 4831AC82590FE6D49B3A4F32 /* RunningApps.swift */; };
		1802D0E517A90D45F71F4DBE /* UpdateChecker.swift in Sources */ = {isa = PBXBuildFile; fileRef = B6E02DDEFF5429CAE925442A /* UpdateChecker.swift */; };
		1B0A2F3A2F748C1B3B834EC1 /* LayoutStore.swift in Sources */ = {isa = PBXBuildFile; fileRef = F89D0A6B3EA5EF4CF646756C /* LayoutStore.swift */; };
		1C16DECDDD04013158610B25 /* WindowPreviewView.swift in Sources */ = {isa = PBXBuildFile; fileRef = 3976A50B0A3ABB3892EA7489 /* WindowPreviewView.swift */; };
		2818B77870C69DA99B30EAFE /* LabelStore.swift in Sources */ = {isa = PBXBuildFile; fileRef = 0CE5B45B2370CF04FDAFED69 /* LabelStore.swift */; };
		28BD6129D814F640A954123E /* GridLayers.swift in Sources */ = {isa = PBXBuildFile; fileRef = 53A8C75E5B11FEBFF144DAC7 /* GridLayers.swift */; };
		2B8DA14F682B2B93A7DD8404 /* SelfTest+Demo.swift in Sources */ = {isa = PBXBuildFile; fileRef = EA81520E776A01D94ED9B9B3 /* SelfTest+Demo.swift */; };
		2F90542619EA107CF1BC828A /* WallpaperPresets.swift in Sources */ = {isa = PBXBuildFile; fileRef = 0FC1D4C11A9692CB3D6BE25A /* WallpaperPresets.swift */; };
		343A006FB3924496FE20AFB6 /* Uninstaller.swift in Sources */ = {isa = PBXBuildFile; fileRef = DF77B24B8606185953AA5FD6 /* Uninstaller.swift */; };
		37DA33B692EBE1397D635757 /* HotKeyService.swift in Sources */ = {isa = PBXBuildFile; fileRef = 878DC2F83884EB8189CFA663 /* HotKeyService.swift */; };
		3BB8B6874BCFFFC4BF7363BD /* PagerScrollTests.swift in Sources */ = {isa = PBXBuildFile; fileRef = 6A762B9A900097F86768A16D /* PagerScrollTests.swift */; };
		3E5BC09296E73837C5E7DD63 /* PrivateAPI.swift in Sources */ = {isa = PBXBuildFile; fileRef = 6A117943E3A057C260C6A994 /* PrivateAPI.swift */; };
		43DC4C6C9205E5A6BED5C50D /* DockHandoff.swift in Sources */ = {isa = PBXBuildFile; fileRef = F6B5F4848F953F3EBBEEDF0C /* DockHandoff.swift */; };
		4688EDF0BAE0EBC1B7C3244B /* HotCornerService.swift in Sources */ = {isa = PBXBuildFile; fileRef = FE3749034448766A416452E0 /* HotCornerService.swift */; };
		4B7053BE951EB45D10712E26 /* WindowPreviewModel.swift in Sources */ = {isa = PBXBuildFile; fileRef = F34B6E640E2BF85FDCEAC065 /* WindowPreviewModel.swift */; };
		5014578F9C50A7E18083FC34 /* AppClassifierTests.swift in Sources */ = {isa = PBXBuildFile; fileRef = D24830FBD3733C269825C976 /* AppClassifierTests.swift */; };
		52E17C13BD9016BD7F134A79 /* AppEntry.swift in Sources */ = {isa = PBXBuildFile; fileRef = BA7E158E1A24AB41C05851B6 /* AppEntry.swift */; };
		549E847C8A76998CC5D21402 /* RenderingTests.swift in Sources */ = {isa = PBXBuildFile; fileRef = 4381D50B82214B6E91047993 /* RenderingTests.swift */; };
		5F1240E1B576C0640365A79D /* LiftoffApp.swift in Sources */ = {isa = PBXBuildFile; fileRef = C15A4DDA21B08F87A19F7AB6 /* LiftoffApp.swift */; };
		63A5970656C069705E8AD44D /* SearchIndexTests.swift in Sources */ = {isa = PBXBuildFile; fileRef = 63C5753B79000E7683F59D7D /* SearchIndexTests.swift */; };
		65505F64207B8892D5F248D7 /* SettingsHost.swift in Sources */ = {isa = PBXBuildFile; fileRef = 9985907C68642D72DA5BC61D /* SettingsHost.swift */; };
		662600198B27F1F94E4DD495 /* FolderPanelView.swift in Sources */ = {isa = PBXBuildFile; fileRef = 7B82791E205793AA1BCB65E7 /* FolderPanelView.swift */; };
		6D3BCDE063BB33B737CFD2B1 /* DockZoneTests.swift in Sources */ = {isa = PBXBuildFile; fileRef = D3266004A58BC73F1EBEB60A /* DockZoneTests.swift */; };
		6D912A824A9D2C85E37F2CC7 /* SettingsWindowController.swift in Sources */ = {isa = PBXBuildFile; fileRef = 916D480A0B1FCD7829815CC8 /* SettingsWindowController.swift */; };
		6EAFEF67D02F7ED7FABE2BD5 /* BackgroundRenderer.swift in Sources */ = {isa = PBXBuildFile; fileRef = 09C01447C02A7FDF764F2F84 /* BackgroundRenderer.swift */; };
		7040EB7E080CB8943600CEC5 /* SettingsProcess.swift in Sources */ = {isa = PBXBuildFile; fileRef = FD139C5EF21109B0CA1A824A /* SettingsProcess.swift */; };
		7314B691E5FAB883644A0E90 /* AppSettingsSyncTests.swift in Sources */ = {isa = PBXBuildFile; fileRef = 8278001278164CA9471A71B0 /* AppSettingsSyncTests.swift */; };
		7756455E33BEB6CD40E44F8A /* SearchIndex.swift in Sources */ = {isa = PBXBuildFile; fileRef = DEDDB63B1795F23EC48EC634 /* SearchIndex.swift */; };
		779DA7471A10C4E85DBEAEDF /* PinchRelease.swift in Sources */ = {isa = PBXBuildFile; fileRef = 1DCD5F12A24F9E34CD50E9F8 /* PinchRelease.swift */; };
		7867B174A31F7C0A73CDE7F0 /* LaunchpadWindowController.swift in Sources */ = {isa = PBXBuildFile; fileRef = BDB157D7C0983D63C77A0675 /* LaunchpadWindowController.swift */; };
		7E9648CDF146DC21780ADB81 /* PinchReleaseTests.swift in Sources */ = {isa = PBXBuildFile; fileRef = 5A159D9CC16347F223D820EE /* PinchReleaseTests.swift */; };
		7FDC438970AAEF896301DA62 /* AppCategories.json in Resources */ = {isa = PBXBuildFile; fileRef = 56C4C3487EBCC0124539CD30 /* AppCategories.json */; };
		842AC7F7CEA81209133FA381 /* LaunchpadRootView.swift in Sources */ = {isa = PBXBuildFile; fileRef = A913D365C8BE25925F47B4FB /* LaunchpadRootView.swift */; };
		870D78AFE48186336D9E6277 /* WindowSnapshot.swift in Sources */ = {isa = PBXBuildFile; fileRef = DA27FF1E1AE978D97A5CA784 /* WindowSnapshot.swift */; };
		905B9385F24AAAE0A62AC392 /* Layout.swift in Sources */ = {isa = PBXBuildFile; fileRef = F38C2AB14EBF1DD08B80992F /* Layout.swift */; };
		91340679E901EDACA294B7FB /* LaunchpadModel.swift in Sources */ = {isa = PBXBuildFile; fileRef = 72D0D6A2E7C32B47EAC2919C /* LaunchpadModel.swift */; };
		955BDB5BDC0BA90FB6DC1A67 /* AppClassifier.swift in Sources */ = {isa = PBXBuildFile; fileRef = 52BF532652F987C3A3BB6AED /* AppClassifier.swift */; };
		9746C3D4079623E4B0A9909F /* GridMetrics.swift in Sources */ = {isa = PBXBuildFile; fileRef = D94CFF12926C8BDC952DBBFE /* GridMetrics.swift */; };
		979F5BA8F73041A0C3EBA9FD /* WindowSearchTests.swift in Sources */ = {isa = PBXBuildFile; fileRef = CAE9CF46797CED7C69C04A20 /* WindowSearchTests.swift */; };
		981E5930550298F967C3F98F /* SelfTest+Preview.swift in Sources */ = {isa = PBXBuildFile; fileRef = 0016CC1E27FFCA3B6207BB31 /* SelfTest+Preview.swift */; };
		9AC04757250DDA907F8D4D95 /* SettingsIPC.swift in Sources */ = {isa = PBXBuildFile; fileRef = DC9F1FEEF2D36F53C77FABA7 /* SettingsIPC.swift */; };
		A231CAE89918D75EFAB655B2 /* AppCoordinator.swift in Sources */ = {isa = PBXBuildFile; fileRef = D149C029BAB8771AD6E381C1 /* AppCoordinator.swift */; };
		A72D05B061F90A7E98942BE2 /* UpdateCheckerTests.swift in Sources */ = {isa = PBXBuildFile; fileRef = 2B5EACF8CA9D58F7085C7B18 /* UpdateCheckerTests.swift */; };
		AB8F99024D2CAA0C4559CDF3 /* AXExtensions.swift in Sources */ = {isa = PBXBuildFile; fileRef = 409477CA01B0448AEB4DE07B /* AXExtensions.swift */; };
		AC0188CEC36BED35592492F4 /* PinchIntentTests.swift in Sources */ = {isa = PBXBuildFile; fileRef = 05ADDCD75D91D4D0B1326EEE /* PinchIntentTests.swift */; };
		B1F8DCC47B6A11773D7932A7 /* WallpaperProvider.swift in Sources */ = {isa = PBXBuildFile; fileRef = F6CF685ADCDFD88B70844C09 /* WallpaperProvider.swift */; };
		B9FD47742CC8F74EB484C293 /* LaunchpadImporter.swift in Sources */ = {isa = PBXBuildFile; fileRef = E6FFDEB7A0B8C35C6FF4733A /* LaunchpadImporter.swift */; };
		BB44AE1C19CE094818B23300 /* GridMetricsTests.swift in Sources */ = {isa = PBXBuildFile; fileRef = B3CA71999D416D97CAA8EF5D /* GridMetricsTests.swift */; };
		BBB8AED065408F2C021B20F1 /* GridRenderer.swift in Sources */ = {isa = PBXBuildFile; fileRef = 02E077D59A2F669D59094A02 /* GridRenderer.swift */; };
		BD6E1B1B434D8F3914535363 /* Assets.xcassets in Resources */ = {isa = PBXBuildFile; fileRef = 6B253794BF109AFA8BB4B710 /* Assets.xcassets */; };
		BE648A85CFAEC6607DB23E1C /* AppCatalog.swift in Sources */ = {isa = PBXBuildFile; fileRef = A86E205A8525D72DFA65876C /* AppCatalog.swift */; };
		C082547BD1B86BE42533CD6B /* PinchIntent.swift in Sources */ = {isa = PBXBuildFile; fileRef = 9AFAFED5398A1653D4F1C360 /* PinchIntent.swift */; };
		C1CB6CE2F47AE524988B2AB8 /* LaunchpadModel+Input.swift in Sources */ = {isa = PBXBuildFile; fileRef = 8043D40529768895E2760B58 /* LaunchpadModel+Input.swift */; };
		C3AD5065A1845FD17E5EFFA1 /* SelfTest.swift in Sources */ = {isa = PBXBuildFile; fileRef = 93382444B6A2B8802496DABE /* SelfTest.swift */; };
		C4AE7D3F57BBFB6BED482871 /* Permissions.swift in Sources */ = {isa = PBXBuildFile; fileRef = 24E75248F58676E236D3D843 /* Permissions.swift */; };
		CB7A5B6140AF2101ACA78FC6 /* AppInfo.swift in Sources */ = {isa = PBXBuildFile; fileRef = 7C5A02512C1D12EA10EA793A /* AppInfo.swift */; };
		CD30841F3B7582CA16B37558 /* WallpaperPresetTests.swift in Sources */ = {isa = PBXBuildFile; fileRef = CAF0D09A4AB521AA9A8240CF /* WallpaperPresetTests.swift */; };
		D251E6C0DE72766B4C31B5C2 /* PagerState.swift in Sources */ = {isa = PBXBuildFile; fileRef = 7D5F3C8F2F261CCC8DB820A8 /* PagerState.swift */; };
		DE42BDC9A8D5E30303852158 /* LaunchpadImporterTests.swift in Sources */ = {isa = PBXBuildFile; fileRef = 41D74CA77F980139C456C1C8 /* LaunchpadImporterTests.swift */; };
		DF02BB3A53A036DDA3AF5212 /* WindowActions.swift in Sources */ = {isa = PBXBuildFile; fileRef = 365775DB9A7DCE73F3E5A622 /* WindowActions.swift */; };
		E228955A0CE982D7BF755ACF /* TrackpadGesture.swift in Sources */ = {isa = PBXBuildFile; fileRef = 30A5C73F519E457F6C77D9ED /* TrackpadGesture.swift */; };
		E7AF01F27AF13F6DFC2EB60D /* LocalizationTests.swift in Sources */ = {isa = PBXBuildFile; fileRef = E2A198A07C1B025351B68798 /* LocalizationTests.swift */; };
		EE60B20481291DA089E14F87 /* LayoutTests.swift in Sources */ = {isa = PBXBuildFile; fileRef = CE4D25EFA1BCB6AFDD92A3D7 /* LayoutTests.swift */; };
		F0EF00AE59CA736B04F32AE1 /* ItemCell.swift in Sources */ = {isa = PBXBuildFile; fileRef = 49C9ED2F2E13F38DCCC74070 /* ItemCell.swift */; };
		F0FB6FC7B652EF2C38CACB51 /* IconStore.swift in Sources */ = {isa = PBXBuildFile; fileRef = 216237218CD1A6433B060B7A /* IconStore.swift */; };
		F5208D41299C0728DD672738 /* Log.swift in Sources */ = {isa = PBXBuildFile; fileRef = 5F5AB48B2798A4BF7E257285 /* Log.swift */; };
		F8C672316BD8BCAC0B5EFC3C /* SearchBarView.swift in Sources */ = {isa = PBXBuildFile; fileRef = 74ADFF8A5AF7F7A2B6B6A662 /* SearchBarView.swift */; };
		FB28B3E34AF3358F9C73C2AA /* Paths.swift in Sources */ = {isa = PBXBuildFile; fileRef = 3E93DDE8DFDCA771A2D34237 /* Paths.swift */; };
/* End PBXBuildFile section */

/* Begin PBXContainerItemProxy section */
		53A88CCA0B7A8F00A5A04844 /* PBXContainerItemProxy */ = {
			isa = PBXContainerItemProxy;
			containerPortal = 07B76D5606EB549CB20E9200 /* Project object */;
			proxyType = 1;
			remoteGlobalIDString = CEBFDCE40FF53B68D1D6FDC6;
			remoteInfo = Liftoff;
		};
/* End PBXContainerItemProxy section */

/* Begin PBXFileReference section */
		0016CC1E27FFCA3B6207BB31 /* SelfTest+Preview.swift */ = {isa = PBXFileReference; lastKnownFileType = sourcecode.swift; path = "SelfTest+Preview.swift"; sourceTree = "<group>"; };
		02E077D59A2F669D59094A02 /* GridRenderer.swift */ = {isa = PBXFileReference; lastKnownFileType = sourcecode.swift; path = GridRenderer.swift; sourceTree = "<group>"; };
		05ADDCD75D91D4D0B1326EEE /* PinchIntentTests.swift */ = {isa = PBXFileReference; lastKnownFileType = sourcecode.swift; path = PinchIntentTests.swift; sourceTree = "<group>"; };
		09C01447C02A7FDF764F2F84 /* BackgroundRenderer.swift */ = {isa = PBXFileReference; lastKnownFileType = sourcecode.swift; path = BackgroundRenderer.swift; sourceTree = "<group>"; };
		0CE5B45B2370CF04FDAFED69 /* LabelStore.swift */ = {isa = PBXFileReference; lastKnownFileType = sourcecode.swift; path = LabelStore.swift; sourceTree = "<group>"; };
		0FC1D4C11A9692CB3D6BE25A /* WallpaperPresets.swift */ = {isa = PBXFileReference; lastKnownFileType = sourcecode.swift; path = WallpaperPresets.swift; sourceTree = "<group>"; };
		1C7637BF7533195E06087011 /* AppSettings.swift */ = {isa = PBXFileReference; lastKnownFileType = sourcecode.swift; path = AppSettings.swift; sourceTree = "<group>"; };
		1DCD5F12A24F9E34CD50E9F8 /* PinchRelease.swift */ = {isa = PBXFileReference; lastKnownFileType = sourcecode.swift; path = PinchRelease.swift; sourceTree = "<group>"; };
		216237218CD1A6433B060B7A /* IconStore.swift */ = {isa = PBXFileReference; lastKnownFileType = sourcecode.swift; path = IconStore.swift; sourceTree = "<group>"; };
		225A0FE55E7491CE3468D35D /* ThumbnailService.swift */ = {isa = PBXFileReference; lastKnownFileType = sourcecode.swift; path = ThumbnailService.swift; sourceTree = "<group>"; };
		24E75248F58676E236D3D843 /* Permissions.swift */ = {isa = PBXFileReference; lastKnownFileType = sourcecode.swift; path = Permissions.swift; sourceTree = "<group>"; };
		2B5EACF8CA9D58F7085C7B18 /* UpdateCheckerTests.swift */ = {isa = PBXFileReference; lastKnownFileType = sourcecode.swift; path = UpdateCheckerTests.swift; sourceTree = "<group>"; };
		30A5C73F519E457F6C77D9ED /* TrackpadGesture.swift */ = {isa = PBXFileReference; lastKnownFileType = sourcecode.swift; path = TrackpadGesture.swift; sourceTree = "<group>"; };
		365775DB9A7DCE73F3E5A622 /* WindowActions.swift */ = {isa = PBXFileReference; lastKnownFileType = sourcecode.swift; path = WindowActions.swift; sourceTree = "<group>"; };
		3976A50B0A3ABB3892EA7489 /* WindowPreviewView.swift */ = {isa = PBXFileReference; lastKnownFileType = sourcecode.swift; path = WindowPreviewView.swift; sourceTree = "<group>"; };
		3E93DDE8DFDCA771A2D34237 /* Paths.swift */ = {isa = PBXFileReference; lastKnownFileType = sourcecode.swift; path = Paths.swift; sourceTree = "<group>"; };
		409477CA01B0448AEB4DE07B /* AXExtensions.swift */ = {isa = PBXFileReference; lastKnownFileType = sourcecode.swift; path = AXExtensions.swift; sourceTree = "<group>"; };
		41D74CA77F980139C456C1C8 /* LaunchpadImporterTests.swift */ = {isa = PBXFileReference; lastKnownFileType = sourcecode.swift; path = LaunchpadImporterTests.swift; sourceTree = "<group>"; };
		4381D50B82214B6E91047993 /* RenderingTests.swift */ = {isa = PBXFileReference; lastKnownFileType = sourcecode.swift; path = RenderingTests.swift; sourceTree = "<group>"; };
		4831AC82590FE6D49B3A4F32 /* RunningApps.swift */ = {isa = PBXFileReference; lastKnownFileType = sourcecode.swift; path = RunningApps.swift; sourceTree = "<group>"; };
		49C9ED2F2E13F38DCCC74070 /* ItemCell.swift */ = {isa = PBXFileReference; lastKnownFileType = sourcecode.swift; path = ItemCell.swift; sourceTree = "<group>"; };
		52BF532652F987C3A3BB6AED /* AppClassifier.swift */ = {isa = PBXFileReference; lastKnownFileType = sourcecode.swift; path = AppClassifier.swift; sourceTree = "<group>"; };
		53A8C75E5B11FEBFF144DAC7 /* GridLayers.swift */ = {isa = PBXFileReference; lastKnownFileType = sourcecode.swift; path = GridLayers.swift; sourceTree = "<group>"; };
		56C4C3487EBCC0124539CD30 /* AppCategories.json */ = {isa = PBXFileReference; lastKnownFileType = text.json; path = AppCategories.json; sourceTree = "<group>"; };
		5A159D9CC16347F223D820EE /* PinchReleaseTests.swift */ = {isa = PBXFileReference; lastKnownFileType = sourcecode.swift; path = PinchReleaseTests.swift; sourceTree = "<group>"; };
		5F5AB48B2798A4BF7E257285 /* Log.swift */ = {isa = PBXFileReference; lastKnownFileType = sourcecode.swift; path = Log.swift; sourceTree = "<group>"; };
		63C5753B79000E7683F59D7D /* SearchIndexTests.swift */ = {isa = PBXFileReference; lastKnownFileType = sourcecode.swift; path = SearchIndexTests.swift; sourceTree = "<group>"; };
		6A117943E3A057C260C6A994 /* PrivateAPI.swift */ = {isa = PBXFileReference; lastKnownFileType = sourcecode.swift; path = PrivateAPI.swift; sourceTree = "<group>"; };
		6A762B9A900097F86768A16D /* PagerScrollTests.swift */ = {isa = PBXFileReference; lastKnownFileType = sourcecode.swift; path = PagerScrollTests.swift; sourceTree = "<group>"; };
		6B253794BF109AFA8BB4B710 /* Assets.xcassets */ = {isa = PBXFileReference; lastKnownFileType = folder.assetcatalog; path = Assets.xcassets; sourceTree = "<group>"; };
		72D0D6A2E7C32B47EAC2919C /* LaunchpadModel.swift */ = {isa = PBXFileReference; lastKnownFileType = sourcecode.swift; path = LaunchpadModel.swift; sourceTree = "<group>"; };
		74ADFF8A5AF7F7A2B6B6A662 /* SearchBarView.swift */ = {isa = PBXFileReference; lastKnownFileType = sourcecode.swift; path = SearchBarView.swift; sourceTree = "<group>"; };
		7B82791E205793AA1BCB65E7 /* FolderPanelView.swift */ = {isa = PBXFileReference; lastKnownFileType = sourcecode.swift; path = FolderPanelView.swift; sourceTree = "<group>"; };
		7C5A02512C1D12EA10EA793A /* AppInfo.swift */ = {isa = PBXFileReference; lastKnownFileType = sourcecode.swift; path = AppInfo.swift; sourceTree = "<group>"; };
		7D5F3C8F2F261CCC8DB820A8 /* PagerState.swift */ = {isa = PBXFileReference; lastKnownFileType = sourcecode.swift; path = PagerState.swift; sourceTree = "<group>"; };
		8043D40529768895E2760B58 /* LaunchpadModel+Input.swift */ = {isa = PBXFileReference; lastKnownFileType = sourcecode.swift; path = "LaunchpadModel+Input.swift"; sourceTree = "<group>"; };
		8278001278164CA9471A71B0 /* AppSettingsSyncTests.swift */ = {isa = PBXFileReference; lastKnownFileType = sourcecode.swift; path = AppSettingsSyncTests.swift; sourceTree = "<group>"; };
		878DC2F83884EB8189CFA663 /* HotKeyService.swift */ = {isa = PBXFileReference; lastKnownFileType = sourcecode.swift; path = HotKeyService.swift; sourceTree = "<group>"; };
		8914D58093E8F8E858E0EEB3 /* LiftoffTests.xctest */ = {isa = PBXFileReference; explicitFileType = wrapper.cfbundle; includeInIndex = 0; path = LiftoffTests.xctest; sourceTree = BUILT_PRODUCTS_DIR; };
		916D480A0B1FCD7829815CC8 /* SettingsWindowController.swift */ = {isa = PBXFileReference; lastKnownFileType = sourcecode.swift; path = SettingsWindowController.swift; sourceTree = "<group>"; };
		93382444B6A2B8802496DABE /* SelfTest.swift */ = {isa = PBXFileReference; lastKnownFileType = sourcecode.swift; path = SelfTest.swift; sourceTree = "<group>"; };
		93CC6EE32683E270C7CBD082 /* HotKeyRecorder.swift */ = {isa = PBXFileReference; lastKnownFileType = sourcecode.swift; path = HotKeyRecorder.swift; sourceTree = "<group>"; };
		94C7E8FE78ED021D0520D56D /* Liftoff.app */ = {isa = PBXFileReference; explicitFileType = wrapper.application; includeInIndex = 0; path = Liftoff.app; sourceTree = BUILT_PRODUCTS_DIR; };
		9683709034D8C85CCF265165 /* BackgroundRendererTests.swift */ = {isa = PBXFileReference; lastKnownFileType = sourcecode.swift; path = BackgroundRendererTests.swift; sourceTree = "<group>"; };
		9985907C68642D72DA5BC61D /* SettingsHost.swift */ = {isa = PBXFileReference; lastKnownFileType = sourcecode.swift; path = SettingsHost.swift; sourceTree = "<group>"; };
		9AFAFED5398A1653D4F1C360 /* PinchIntent.swift */ = {isa = PBXFileReference; lastKnownFileType = sourcecode.swift; path = PinchIntent.swift; sourceTree = "<group>"; };
		9B64EFD2E048AE0B5F6C39A2 /* Info.plist */ = {isa = PBXFileReference; lastKnownFileType = text.plist; path = Info.plist; sourceTree = "<group>"; };
		A86E205A8525D72DFA65876C /* AppCatalog.swift */ = {isa = PBXFileReference; lastKnownFileType = sourcecode.swift; path = AppCatalog.swift; sourceTree = "<group>"; };
		A913D365C8BE25925F47B4FB /* LaunchpadRootView.swift */ = {isa = PBXFileReference; lastKnownFileType = sourcecode.swift; path = LaunchpadRootView.swift; sourceTree = "<group>"; };
		B3CA71999D416D97CAA8EF5D /* GridMetricsTests.swift */ = {isa = PBXFileReference; lastKnownFileType = sourcecode.swift; path = GridMetricsTests.swift; sourceTree = "<group>"; };
		B6E02DDEFF5429CAE925442A /* UpdateChecker.swift */ = {isa = PBXFileReference; lastKnownFileType = sourcecode.swift; path = UpdateChecker.swift; sourceTree = "<group>"; };
		BA7E158E1A24AB41C05851B6 /* AppEntry.swift */ = {isa = PBXFileReference; lastKnownFileType = sourcecode.swift; path = AppEntry.swift; sourceTree = "<group>"; };
		BDB157D7C0983D63C77A0675 /* LaunchpadWindowController.swift */ = {isa = PBXFileReference; lastKnownFileType = sourcecode.swift; path = LaunchpadWindowController.swift; sourceTree = "<group>"; };
		C15940A395F28F9E658742CA /* Liftoff.entitlements */ = {isa = PBXFileReference; lastKnownFileType = text.plist.entitlements; path = Liftoff.entitlements; sourceTree = "<group>"; };
		C15A4DDA21B08F87A19F7AB6 /* LiftoffApp.swift */ = {isa = PBXFileReference; lastKnownFileType = sourcecode.swift; path = LiftoffApp.swift; sourceTree = "<group>"; };
		CAE9CF46797CED7C69C04A20 /* WindowSearchTests.swift */ = {isa = PBXFileReference; lastKnownFileType = sourcecode.swift; path = WindowSearchTests.swift; sourceTree = "<group>"; };
		CAF0D09A4AB521AA9A8240CF /* WallpaperPresetTests.swift */ = {isa = PBXFileReference; lastKnownFileType = sourcecode.swift; path = WallpaperPresetTests.swift; sourceTree = "<group>"; };
		CE4D25EFA1BCB6AFDD92A3D7 /* LayoutTests.swift */ = {isa = PBXFileReference; lastKnownFileType = sourcecode.swift; path = LayoutTests.swift; sourceTree = "<group>"; };
		D149C029BAB8771AD6E381C1 /* AppCoordinator.swift */ = {isa = PBXFileReference; lastKnownFileType = sourcecode.swift; path = AppCoordinator.swift; sourceTree = "<group>"; };
		D24830FBD3733C269825C976 /* AppClassifierTests.swift */ = {isa = PBXFileReference; lastKnownFileType = sourcecode.swift; path = AppClassifierTests.swift; sourceTree = "<group>"; };
		D3266004A58BC73F1EBEB60A /* DockZoneTests.swift */ = {isa = PBXFileReference; lastKnownFileType = sourcecode.swift; path = DockZoneTests.swift; sourceTree = "<group>"; };
		D94CFF12926C8BDC952DBBFE /* GridMetrics.swift */ = {isa = PBXFileReference; lastKnownFileType = sourcecode.swift; path = GridMetrics.swift; sourceTree = "<group>"; };
		DA27FF1E1AE978D97A5CA784 /* WindowSnapshot.swift */ = {isa = PBXFileReference; lastKnownFileType = sourcecode.swift; path = WindowSnapshot.swift; sourceTree = "<group>"; };
		DC9F1FEEF2D36F53C77FABA7 /* SettingsIPC.swift */ = {isa = PBXFileReference; lastKnownFileType = sourcecode.swift; path = SettingsIPC.swift; sourceTree = "<group>"; };
		DD46B88200B0666CEF313827 /* Localizable.xcstrings */ = {isa = PBXFileReference; lastKnownFileType = text.json.xcstrings; path = Localizable.xcstrings; sourceTree = "<group>"; };
		DDF43AD216A64875E0A87A87 /* Signing.xcconfig */ = {isa = PBXFileReference; lastKnownFileType = text.xcconfig; path = Signing.xcconfig; sourceTree = "<group>"; };
		DEDDB63B1795F23EC48EC634 /* SearchIndex.swift */ = {isa = PBXFileReference; lastKnownFileType = sourcecode.swift; path = SearchIndex.swift; sourceTree = "<group>"; };
		DF77B24B8606185953AA5FD6 /* Uninstaller.swift */ = {isa = PBXFileReference; lastKnownFileType = sourcecode.swift; path = Uninstaller.swift; sourceTree = "<group>"; };
		E2A198A07C1B025351B68798 /* LocalizationTests.swift */ = {isa = PBXFileReference; lastKnownFileType = sourcecode.swift; path = LocalizationTests.swift; sourceTree = "<group>"; };
		E6FFDEB7A0B8C35C6FF4733A /* LaunchpadImporter.swift */ = {isa = PBXFileReference; lastKnownFileType = sourcecode.swift; path = LaunchpadImporter.swift; sourceTree = "<group>"; };
		E99E7EF481E4A996961E78CB /* SettingsView.swift */ = {isa = PBXFileReference; lastKnownFileType = sourcecode.swift; path = SettingsView.swift; sourceTree = "<group>"; };
		EA81520E776A01D94ED9B9B3 /* SelfTest+Demo.swift */ = {isa = PBXFileReference; lastKnownFileType = sourcecode.swift; path = "SelfTest+Demo.swift"; sourceTree = "<group>"; };
		F03BD58EF321E2ABA25BCC9A /* WindowEnumerator.swift */ = {isa = PBXFileReference; lastKnownFileType = sourcecode.swift; path = WindowEnumerator.swift; sourceTree = "<group>"; };
		F34B6E640E2BF85FDCEAC065 /* WindowPreviewModel.swift */ = {isa = PBXFileReference; lastKnownFileType = sourcecode.swift; path = WindowPreviewModel.swift; sourceTree = "<group>"; };
		F38C2AB14EBF1DD08B80992F /* Layout.swift */ = {isa = PBXFileReference; lastKnownFileType = sourcecode.swift; path = Layout.swift; sourceTree = "<group>"; };
		F6B5F4848F953F3EBBEEDF0C /* DockHandoff.swift */ = {isa = PBXFileReference; lastKnownFileType = sourcecode.swift; path = DockHandoff.swift; sourceTree = "<group>"; };
		F6CF685ADCDFD88B70844C09 /* WallpaperProvider.swift */ = {isa = PBXFileReference; lastKnownFileType = sourcecode.swift; path = WallpaperProvider.swift; sourceTree = "<group>"; };
		F7359CE4F33E01E771F2EB37 /* AppActions.swift */ = {isa = PBXFileReference; lastKnownFileType = sourcecode.swift; path = AppActions.swift; sourceTree = "<group>"; };
		F89D0A6B3EA5EF4CF646756C /* LayoutStore.swift */ = {isa = PBXFileReference; lastKnownFileType = sourcecode.swift; path = LayoutStore.swift; sourceTree = "<group>"; };
		FD139C5EF21109B0CA1A824A /* SettingsProcess.swift */ = {isa = PBXFileReference; lastKnownFileType = sourcecode.swift; path = SettingsProcess.swift; sourceTree = "<group>"; };
		FE3749034448766A416452E0 /* HotCornerService.swift */ = {isa = PBXFileReference; lastKnownFileType = sourcecode.swift; path = HotCornerService.swift; sourceTree = "<group>"; };
/* End PBXFileReference section */

/* Begin PBXGroup section */
		17A9843B356BBFCCA55BDF92 /* Grid */ = {
			isa = PBXGroup;
			children = (
				53A8C75E5B11FEBFF144DAC7 /* GridLayers.swift */,
				02E077D59A2F669D59094A02 /* GridRenderer.swift */,
				0CE5B45B2370CF04FDAFED69 /* LabelStore.swift */,
			);
			path = Grid;
			sourceTree = "<group>";
		};
		26458E76B14DE87299DC3F83 /* Preview */ = {
			isa = PBXGroup;
			children = (
				409477CA01B0448AEB4DE07B /* AXExtensions.swift */,
				24E75248F58676E236D3D843 /* Permissions.swift */,
				6A117943E3A057C260C6A994 /* PrivateAPI.swift */,
				225A0FE55E7491CE3468D35D /* ThumbnailService.swift */,
				365775DB9A7DCE73F3E5A622 /* WindowActions.swift */,
				F03BD58EF321E2ABA25BCC9A /* WindowEnumerator.swift */,
				DA27FF1E1AE978D97A5CA784 /* WindowSnapshot.swift */,
			);
			path = Preview;
			sourceTree = "<group>";
		};
		3EBF7D6BE73A17D0153A06D1 /* App */ = {
			isa = PBXGroup;
			children = (
				D149C029BAB8771AD6E381C1 /* AppCoordinator.swift */,
				C15A4DDA21B08F87A19F7AB6 /* LiftoffApp.swift */,
				93382444B6A2B8802496DABE /* SelfTest.swift */,
				EA81520E776A01D94ED9B9B3 /* SelfTest+Demo.swift */,
				0016CC1E27FFCA3B6207BB31 /* SelfTest+Preview.swift */,
			);
			path = App;
			sourceTree = "<group>";
		};
		41F6BDF1D35B20EF65B348DA /* Liftoff */ = {
			isa = PBXGroup;
			children = (
				3EBF7D6BE73A17D0153A06D1 /* App */,
				8555A165F0D80152902467CB /* Core */,
				17A9843B356BBFCCA55BDF92 /* Grid */,
				ADF60D98444C61E4077AAE0E /* Model */,
				26458E76B14DE87299DC3F83 /* Preview */,
				D72F6020B584FC5E9053F6CA /* Resources */,
				7493B482961E0C90ABD2C7E4 /* Services */,
				B8ED0E9A50E321C6FECFF42B /* Settings */,
				A04079970B743FC991064B8C /* UI */,
			);
			path = Liftoff;
			sourceTree = "<group>";
		};
		4BA0288C274BA4B90EBC0AEB /* Products */ = {
			isa = PBXGroup;
			children = (
				94C7E8FE78ED021D0520D56D /* Liftoff.app */,
				8914D58093E8F8E858E0EEB3 /* LiftoffTests.xctest */,
			);
			name = Products;
			sourceTree = "<group>";
		};
		7493B482961E0C90ABD2C7E4 /* Services */ = {
			isa = PBXGroup;
			children = (
				F7359CE4F33E01E771F2EB37 /* AppActions.swift */,
				A86E205A8525D72DFA65876C /* AppCatalog.swift */,
				7C5A02512C1D12EA10EA793A /* AppInfo.swift */,
				09C01447C02A7FDF764F2F84 /* BackgroundRenderer.swift */,
				FE3749034448766A416452E0 /* HotCornerService.swift */,
				878DC2F83884EB8189CFA663 /* HotKeyService.swift */,
				216237218CD1A6433B060B7A /* IconStore.swift */,
				9AFAFED5398A1653D4F1C360 /* PinchIntent.swift */,
				1DCD5F12A24F9E34CD50E9F8 /* PinchRelease.swift */,
				4831AC82590FE6D49B3A4F32 /* RunningApps.swift */,
				30A5C73F519E457F6C77D9ED /* TrackpadGesture.swift */,
				DF77B24B8606185953AA5FD6 /* Uninstaller.swift */,
				B6E02DDEFF5429CAE925442A /* UpdateChecker.swift */,
				0FC1D4C11A9692CB3D6BE25A /* WallpaperPresets.swift */,
				F6CF685ADCDFD88B70844C09 /* WallpaperProvider.swift */,
			);
			path = Services;
			sourceTree = "<group>";
		};
		848B3526876E67C431AB7EDC = {
			isa = PBXGroup;
			children = (
				A083A6C3A23613A1832E6E90 /* Config */,
				41F6BDF1D35B20EF65B348DA /* Liftoff */,
				99A56705E11E11EAA5553DC8 /* LiftoffTests */,
				4BA0288C274BA4B90EBC0AEB /* Products */,
			);
			sourceTree = "<group>";
		};
		8555A165F0D80152902467CB /* Core */ = {
			isa = PBXGroup;
			children = (
				5F5AB48B2798A4BF7E257285 /* Log.swift */,
				3E93DDE8DFDCA771A2D34237 /* Paths.swift */,
			);
			path = Core;
			sourceTree = "<group>";
		};
		99A56705E11E11EAA5553DC8 /* LiftoffTests */ = {
			isa = PBXGroup;
			children = (
				D24830FBD3733C269825C976 /* AppClassifierTests.swift */,
				8278001278164CA9471A71B0 /* AppSettingsSyncTests.swift */,
				9683709034D8C85CCF265165 /* BackgroundRendererTests.swift */,
				D3266004A58BC73F1EBEB60A /* DockZoneTests.swift */,
				B3CA71999D416D97CAA8EF5D /* GridMetricsTests.swift */,
				41D74CA77F980139C456C1C8 /* LaunchpadImporterTests.swift */,
				CE4D25EFA1BCB6AFDD92A3D7 /* LayoutTests.swift */,
				E2A198A07C1B025351B68798 /* LocalizationTests.swift */,
				6A762B9A900097F86768A16D /* PagerScrollTests.swift */,
				05ADDCD75D91D4D0B1326EEE /* PinchIntentTests.swift */,
				5A159D9CC16347F223D820EE /* PinchReleaseTests.swift */,
				4381D50B82214B6E91047993 /* RenderingTests.swift */,
				63C5753B79000E7683F59D7D /* SearchIndexTests.swift */,
				2B5EACF8CA9D58F7085C7B18 /* UpdateCheckerTests.swift */,
				CAF0D09A4AB521AA9A8240CF /* WallpaperPresetTests.swift */,
				CAE9CF46797CED7C69C04A20 /* WindowSearchTests.swift */,
			);
			path = LiftoffTests;
			sourceTree = "<group>";
		};
		A04079970B743FC991064B8C /* UI */ = {
			isa = PBXGroup;
			children = (
				F6B5F4848F953F3EBBEEDF0C /* DockHandoff.swift */,
				7B82791E205793AA1BCB65E7 /* FolderPanelView.swift */,
				D94CFF12926C8BDC952DBBFE /* GridMetrics.swift */,
				49C9ED2F2E13F38DCCC74070 /* ItemCell.swift */,
				72D0D6A2E7C32B47EAC2919C /* LaunchpadModel.swift */,
				8043D40529768895E2760B58 /* LaunchpadModel+Input.swift */,
				A913D365C8BE25925F47B4FB /* LaunchpadRootView.swift */,
				BDB157D7C0983D63C77A0675 /* LaunchpadWindowController.swift */,
				7D5F3C8F2F261CCC8DB820A8 /* PagerState.swift */,
				74ADFF8A5AF7F7A2B6B6A662 /* SearchBarView.swift */,
				F34B6E640E2BF85FDCEAC065 /* WindowPreviewModel.swift */,
				3976A50B0A3ABB3892EA7489 /* WindowPreviewView.swift */,
			);
			path = UI;
			sourceTree = "<group>";
		};
		A083A6C3A23613A1832E6E90 /* Config */ = {
			isa = PBXGroup;
			children = (
				DDF43AD216A64875E0A87A87 /* Signing.xcconfig */,
			);
			path = Config;
			sourceTree = "<group>";
		};
		ADF60D98444C61E4077AAE0E /* Model */ = {
			isa = PBXGroup;
			children = (
				52BF532652F987C3A3BB6AED /* AppClassifier.swift */,
				BA7E158E1A24AB41C05851B6 /* AppEntry.swift */,
				1C7637BF7533195E06087011 /* AppSettings.swift */,
				E6FFDEB7A0B8C35C6FF4733A /* LaunchpadImporter.swift */,
				F38C2AB14EBF1DD08B80992F /* Layout.swift */,
				F89D0A6B3EA5EF4CF646756C /* LayoutStore.swift */,
				DEDDB63B1795F23EC48EC634 /* SearchIndex.swift */,
			);
			path = Model;
			sourceTree = "<group>";
		};
		B8ED0E9A50E321C6FECFF42B /* Settings */ = {
			isa = PBXGroup;
			children = (
				93CC6EE32683E270C7CBD082 /* HotKeyRecorder.swift */,
				9985907C68642D72DA5BC61D /* SettingsHost.swift */,
				DC9F1FEEF2D36F53C77FABA7 /* SettingsIPC.swift */,
				FD139C5EF21109B0CA1A824A /* SettingsProcess.swift */,
				E99E7EF481E4A996961E78CB /* SettingsView.swift */,
				916D480A0B1FCD7829815CC8 /* SettingsWindowController.swift */,
			);
			path = Settings;
			sourceTree = "<group>";
		};
		D72F6020B584FC5E9053F6CA /* Resources */ = {
			isa = PBXGroup;
			children = (
				56C4C3487EBCC0124539CD30 /* AppCategories.json */,
				6B253794BF109AFA8BB4B710 /* Assets.xcassets */,
				9B64EFD2E048AE0B5F6C39A2 /* Info.plist */,
				C15940A395F28F9E658742CA /* Liftoff.entitlements */,
				DD46B88200B0666CEF313827 /* Localizable.xcstrings */,
			);
			path = Resources;
			sourceTree = "<group>";
		};
/* End PBXGroup section */

/* Begin PBXNativeTarget section */
		8365070F76D9588F233DF0F2 /* LiftoffTests */ = {
			isa = PBXNativeTarget;
			buildConfigurationList = 6AD2D86823608B419F8EF988 /* Build configuration list for PBXNativeTarget "LiftoffTests" */;
			buildPhases = (
				0D2C4B6098CA4AB0FE1EFF4B /* Sources */,
			);
			buildRules = (
			);
			dependencies = (
				A2444A127A176BA7FF5DC1CE /* PBXTargetDependency */,
			);
			name = LiftoffTests;
			packageProductDependencies = (
			);
			productName = LiftoffTests;
			productReference = 8914D58093E8F8E858E0EEB3 /* LiftoffTests.xctest */;
			productType = "com.apple.product-type.bundle.unit-test";
		};
		CEBFDCE40FF53B68D1D6FDC6 /* Liftoff */ = {
			isa = PBXNativeTarget;
			buildConfigurationList = B0A833067376444B6E442FD7 /* Build configuration list for PBXNativeTarget "Liftoff" */;
			buildPhases = (
				A557F72BDB7B79778556A4B5 /* Sources */,
				C3F7C55D0C6BB4B9260AF098 /* Resources */,
			);
			buildRules = (
			);
			dependencies = (
			);
			name = Liftoff;
			packageProductDependencies = (
			);
			productName = Liftoff;
			productReference = 94C7E8FE78ED021D0520D56D /* Liftoff.app */;
			productType = "com.apple.product-type.application";
		};
/* End PBXNativeTarget section */

/* Begin PBXProject section */
		07B76D5606EB549CB20E9200 /* Project object */ = {
			isa = PBXProject;
			attributes = {
				BuildIndependentTargetsInParallel = YES;
				LastUpgradeCheck = 1430;
				TargetAttributes = {
					8365070F76D9588F233DF0F2 = {
						DevelopmentTeam = "";
						ProvisioningStyle = Manual;
					};
					CEBFDCE40FF53B68D1D6FDC6 = {
						DevelopmentTeam = "";
						ProvisioningStyle = Manual;
					};
				};
			};
			buildConfigurationList = 5F3744B903173C35653B4AF2 /* Build configuration list for PBXProject "Liftoff" */;
			developmentRegion = en;
			hasScannedForEncodings = 0;
			knownRegions = (
				Base,
				de,
				en,
				es,
				fr,
				it,
				ja,
				ko,
				nl,
				"pt-BR",
				ru,
				tr,
				"zh-Hans",
				"zh-Hant",
			);
			mainGroup = 848B3526876E67C431AB7EDC;
			minimizedProjectReferenceProxies = 1;
			preferredProjectObjectVersion = 77;
			productRefGroup = 4BA0288C274BA4B90EBC0AEB /* Products */;
			projectDirPath = "";
			projectRoot = "";
			targets = (
				CEBFDCE40FF53B68D1D6FDC6 /* Liftoff */,
				8365070F76D9588F233DF0F2 /* LiftoffTests */,
			);
		};
/* End PBXProject section */

/* Begin PBXResourcesBuildPhase section */
		C3F7C55D0C6BB4B9260AF098 /* Resources */ = {
			isa = PBXResourcesBuildPhase;
			buildActionMask = 2147483647;
			files = (
				7FDC438970AAEF896301DA62 /* AppCategories.json in Resources */,
				BD6E1B1B434D8F3914535363 /* Assets.xcassets in Resources */,
				13DD41C8873D2B41F57E08F5 /* Localizable.xcstrings in Resources */,
			);
			runOnlyForDeploymentPostprocessing = 0;
		};
/* End PBXResourcesBuildPhase section */

/* Begin PBXSourcesBuildPhase section */
		0D2C4B6098CA4AB0FE1EFF4B /* Sources */ = {
			isa = PBXSourcesBuildPhase;
			buildActionMask = 2147483647;
			files = (
				5014578F9C50A7E18083FC34 /* AppClassifierTests.swift in Sources */,
				7314B691E5FAB883644A0E90 /* AppSettingsSyncTests.swift in Sources */,
				01E5A1C61F94950651FC30AF /* BackgroundRendererTests.swift in Sources */,
				6D3BCDE063BB33B737CFD2B1 /* DockZoneTests.swift in Sources */,
				BB44AE1C19CE094818B23300 /* GridMetricsTests.swift in Sources */,
				DE42BDC9A8D5E30303852158 /* LaunchpadImporterTests.swift in Sources */,
				EE60B20481291DA089E14F87 /* LayoutTests.swift in Sources */,
				E7AF01F27AF13F6DFC2EB60D /* LocalizationTests.swift in Sources */,
				3BB8B6874BCFFFC4BF7363BD /* PagerScrollTests.swift in Sources */,
				AC0188CEC36BED35592492F4 /* PinchIntentTests.swift in Sources */,
				7E9648CDF146DC21780ADB81 /* PinchReleaseTests.swift in Sources */,
				549E847C8A76998CC5D21402 /* RenderingTests.swift in Sources */,
				63A5970656C069705E8AD44D /* SearchIndexTests.swift in Sources */,
				A72D05B061F90A7E98942BE2 /* UpdateCheckerTests.swift in Sources */,
				CD30841F3B7582CA16B37558 /* WallpaperPresetTests.swift in Sources */,
				979F5BA8F73041A0C3EBA9FD /* WindowSearchTests.swift in Sources */,
			);
			runOnlyForDeploymentPostprocessing = 0;
		};
		A557F72BDB7B79778556A4B5 /* Sources */ = {
			isa = PBXSourcesBuildPhase;
			buildActionMask = 2147483647;
			files = (
				AB8F99024D2CAA0C4559CDF3 /* AXExtensions.swift in Sources */,
				0B466ABF16EA542CBEE33D05 /* AppActions.swift in Sources */,
				BE648A85CFAEC6607DB23E1C /* AppCatalog.swift in Sources */,
				955BDB5BDC0BA90FB6DC1A67 /* AppClassifier.swift in Sources */,
				A231CAE89918D75EFAB655B2 /* AppCoordinator.swift in Sources */,
				52E17C13BD9016BD7F134A79 /* AppEntry.swift in Sources */,
				CB7A5B6140AF2101ACA78FC6 /* AppInfo.swift in Sources */,
				038AE01DAA2C38143AE272E1 /* AppSettings.swift in Sources */,
				6EAFEF67D02F7ED7FABE2BD5 /* BackgroundRenderer.swift in Sources */,
				43DC4C6C9205E5A6BED5C50D /* DockHandoff.swift in Sources */,
				662600198B27F1F94E4DD495 /* FolderPanelView.swift in Sources */,
				28BD6129D814F640A954123E /* GridLayers.swift in Sources */,
				9746C3D4079623E4B0A9909F /* GridMetrics.swift in Sources */,
				BBB8AED065408F2C021B20F1 /* GridRenderer.swift in Sources */,
				4688EDF0BAE0EBC1B7C3244B /* HotCornerService.swift in Sources */,
				0EE928BB7D0714747FD0A9FF /* HotKeyRecorder.swift in Sources */,
				37DA33B692EBE1397D635757 /* HotKeyService.swift in Sources */,
				F0FB6FC7B652EF2C38CACB51 /* IconStore.swift in Sources */,
				F0EF00AE59CA736B04F32AE1 /* ItemCell.swift in Sources */,
				2818B77870C69DA99B30EAFE /* LabelStore.swift in Sources */,
				B9FD47742CC8F74EB484C293 /* LaunchpadImporter.swift in Sources */,
				C1CB6CE2F47AE524988B2AB8 /* LaunchpadModel+Input.swift in Sources */,
				91340679E901EDACA294B7FB /* LaunchpadModel.swift in Sources */,
				842AC7F7CEA81209133FA381 /* LaunchpadRootView.swift in Sources */,
				7867B174A31F7C0A73CDE7F0 /* LaunchpadWindowController.swift in Sources */,
				905B9385F24AAAE0A62AC392 /* Layout.swift in Sources */,
				1B0A2F3A2F748C1B3B834EC1 /* LayoutStore.swift in Sources */,
				5F1240E1B576C0640365A79D /* LiftoffApp.swift in Sources */,
				F5208D41299C0728DD672738 /* Log.swift in Sources */,
				D251E6C0DE72766B4C31B5C2 /* PagerState.swift in Sources */,
				FB28B3E34AF3358F9C73C2AA /* Paths.swift in Sources */,
				C4AE7D3F57BBFB6BED482871 /* Permissions.swift in Sources */,
				C082547BD1B86BE42533CD6B /* PinchIntent.swift in Sources */,
				779DA7471A10C4E85DBEAEDF /* PinchRelease.swift in Sources */,
				3E5BC09296E73837C5E7DD63 /* PrivateAPI.swift in Sources */,
				150EA47DD7C163F03D040B74 /* RunningApps.swift in Sources */,
				F8C672316BD8BCAC0B5EFC3C /* SearchBarView.swift in Sources */,
				7756455E33BEB6CD40E44F8A /* SearchIndex.swift in Sources */,
				2B8DA14F682B2B93A7DD8404 /* SelfTest+Demo.swift in Sources */,
				981E5930550298F967C3F98F /* SelfTest+Preview.swift in Sources */,
				C3AD5065A1845FD17E5EFFA1 /* SelfTest.swift in Sources */,
				65505F64207B8892D5F248D7 /* SettingsHost.swift in Sources */,
				9AC04757250DDA907F8D4D95 /* SettingsIPC.swift in Sources */,
				7040EB7E080CB8943600CEC5 /* SettingsProcess.swift in Sources */,
				12C9F8414B923962EDF2D1FD /* SettingsView.swift in Sources */,
				6D912A824A9D2C85E37F2CC7 /* SettingsWindowController.swift in Sources */,
				0D9734B17610E5FDD76FB4FF /* ThumbnailService.swift in Sources */,
				E228955A0CE982D7BF755ACF /* TrackpadGesture.swift in Sources */,
				343A006FB3924496FE20AFB6 /* Uninstaller.swift in Sources */,
				1802D0E517A90D45F71F4DBE /* UpdateChecker.swift in Sources */,
				2F90542619EA107CF1BC828A /* WallpaperPresets.swift in Sources */,
				B1F8DCC47B6A11773D7932A7 /* WallpaperProvider.swift in Sources */,
				DF02BB3A53A036DDA3AF5212 /* WindowActions.swift in Sources */,
				0514A8F36F3A6D78D7A200F0 /* WindowEnumerator.swift in Sources */,
				4B7053BE951EB45D10712E26 /* WindowPreviewModel.swift in Sources */,
				1C16DECDDD04013158610B25 /* WindowPreviewView.swift in Sources */,
				870D78AFE48186336D9E6277 /* WindowSnapshot.swift in Sources */,
			);
			runOnlyForDeploymentPostprocessing = 0;
		};
/* End PBXSourcesBuildPhase section */

/* Begin PBXTargetDependency section */
		A2444A127A176BA7FF5DC1CE /* PBXTargetDependency */ = {
			isa = PBXTargetDependency;
			target = CEBFDCE40FF53B68D1D6FDC6 /* Liftoff */;
			targetProxy = 53A88CCA0B7A8F00A5A04844 /* PBXContainerItemProxy */;
		};
/* End PBXTargetDependency section */

/* Begin XCBuildConfiguration section */
		02DB0FC402C0321AC7219640 /* Debug */ = {
			isa = XCBuildConfiguration;
			buildSettings = {
				ASSETCATALOG_COMPILER_APPICON_NAME = AppIcon;
				CODE_SIGN_ENTITLEMENTS = Liftoff/Resources/Liftoff.entitlements;
				COMBINE_HIDPI_IMAGES = YES;
				ENABLE_HARDENED_RUNTIME = YES;
				INFOPLIST_FILE = Liftoff/Resources/Info.plist;
				LD_RUNPATH_SEARCH_PATHS = (
					"$(inherited)",
					"@executable_path/../Frameworks",
				);
				PRODUCT_BUNDLE_IDENTIFIER = com.firstfu.Liftoff;
				PRODUCT_NAME = Liftoff;
				SDKROOT = macosx;
				SWIFT_OPTIMIZATION_LEVEL_Release = "-O";
			};
			name = Debug;
		};
		0B4CEF3CE9249664AA795548 /* Release */ = {
			isa = XCBuildConfiguration;
			buildSettings = {
				BUNDLE_LOADER = "$(TEST_HOST)";
				COMBINE_HIDPI_IMAGES = YES;
				GENERATE_INFOPLIST_FILE = YES;
				LD_RUNPATH_SEARCH_PATHS = (
					"$(inherited)",
					"@executable_path/../Frameworks",
					"@loader_path/../Frameworks",
				);
				PRODUCT_BUNDLE_IDENTIFIER = com.firstfu.LiftoffTests;
				SDKROOT = macosx;
				TEST_HOST = "$(BUILT_PRODUCTS_DIR)/Liftoff.app/Contents/MacOS/Liftoff";
			};
			name = Release;
		};
		2B8F8A73FCD7BB12C2CB13E2 /* Debug */ = {
			isa = XCBuildConfiguration;
			baseConfigurationReference = DDF43AD216A64875E0A87A87 /* Signing.xcconfig */;
			buildSettings = {
				ALWAYS_SEARCH_USER_PATHS = NO;
				CLANG_ANALYZER_NONNULL = YES;
				CLANG_ANALYZER_NUMBER_OBJECT_CONVERSION = YES_AGGRESSIVE;
				CLANG_CXX_LANGUAGE_STANDARD = "gnu++14";
				CLANG_CXX_LIBRARY = "libc++";
				CLANG_ENABLE_MODULES = YES;
				CLANG_ENABLE_OBJC_ARC = YES;
				CLANG_ENABLE_OBJC_WEAK = YES;
				CLANG_WARN_BLOCK_CAPTURE_AUTORELEASING = YES;
				CLANG_WARN_BOOL_CONVERSION = YES;
				CLANG_WARN_COMMA = YES;
				CLANG_WARN_CONSTANT_CONVERSION = YES;
				CLANG_WARN_DEPRECATED_OBJC_IMPLEMENTATIONS = YES;
				CLANG_WARN_DIRECT_OBJC_ISA_USAGE = YES_ERROR;
				CLANG_WARN_DOCUMENTATION_COMMENTS = YES;
				CLANG_WARN_EMPTY_BODY = YES;
				CLANG_WARN_ENUM_CONVERSION = YES;
				CLANG_WARN_INFINITE_RECURSION = YES;
				CLANG_WARN_INT_CONVERSION = YES;
				CLANG_WARN_NON_LITERAL_NULL_CONVERSION = YES;
				CLANG_WARN_OBJC_IMPLICIT_RETAIN_SELF = YES;
				CLANG_WARN_OBJC_LITERAL_CONVERSION = YES;
				CLANG_WARN_OBJC_ROOT_CLASS = YES_ERROR;
				CLANG_WARN_QUOTED_INCLUDE_IN_FRAMEWORK_HEADER = YES;
				CLANG_WARN_RANGE_LOOP_ANALYSIS = YES;
				CLANG_WARN_STRICT_PROTOTYPES = YES;
				CLANG_WARN_SUSPICIOUS_MOVE = YES;
				CLANG_WARN_UNGUARDED_AVAILABILITY = YES_AGGRESSIVE;
				CLANG_WARN_UNREACHABLE_CODE = YES;
				CLANG_WARN__DUPLICATE_METHOD_MATCH = YES;
				COPY_PHASE_STRIP = NO;
				DEAD_CODE_STRIPPING = YES;
				DEBUG_INFORMATION_FORMAT = dwarf;
				ENABLE_STRICT_OBJC_MSGSEND = YES;
				ENABLE_TESTABILITY = YES;
				ENABLE_USER_SCRIPT_SANDBOXING = YES;
				GCC_C_LANGUAGE_STANDARD = gnu11;
				GCC_DYNAMIC_NO_PIC = NO;
				GCC_NO_COMMON_BLOCKS = YES;
				GCC_OPTIMIZATION_LEVEL = 0;
				GCC_PREPROCESSOR_DEFINITIONS = (
					"$(inherited)",
					"DEBUG=1",
				);
				GCC_WARN_64_TO_32_BIT_CONVERSION = YES;
				GCC_WARN_ABOUT_RETURN_TYPE = YES_ERROR;
				GCC_WARN_UNDECLARED_SELECTOR = YES;
				GCC_WARN_UNINITIALIZED_AUTOS = YES_AGGRESSIVE;
				GCC_WARN_UNUSED_FUNCTION = YES;
				GCC_WARN_UNUSED_VARIABLE = YES;
				LOCALIZATION_PREFERS_STRING_CATALOGS = YES;
				MACOSX_DEPLOYMENT_TARGET = 26.0;
				MTL_ENABLE_DEBUG_INFO = INCLUDE_SOURCE;
				MTL_FAST_MATH = YES;
				ONLY_ACTIVE_ARCH = YES;
				PRODUCT_NAME = "$(TARGET_NAME)";
				SDKROOT = macosx;
				SWIFT_ACTIVE_COMPILATION_CONDITIONS = DEBUG;
				SWIFT_APPROACHABLE_CONCURRENCY = YES;
				SWIFT_DEFAULT_ACTOR_ISOLATION = MainActor;
				SWIFT_OPTIMIZATION_LEVEL = "-Onone";
				SWIFT_STRICT_CONCURRENCY = complete;
				SWIFT_VERSION = 6.0;
			};
			name = Debug;
		};
		3E8083EB6DE0B4DB03CF232D /* Debug */ = {
			isa = XCBuildConfiguration;
			buildSettings = {
				BUNDLE_LOADER = "$(TEST_HOST)";
				COMBINE_HIDPI_IMAGES = YES;
				GENERATE_INFOPLIST_FILE = YES;
				LD_RUNPATH_SEARCH_PATHS = (
					"$(inherited)",
					"@executable_path/../Frameworks",
					"@loader_path/../Frameworks",
				);
				PRODUCT_BUNDLE_IDENTIFIER = com.firstfu.LiftoffTests;
				SDKROOT = macosx;
				TEST_HOST = "$(BUILT_PRODUCTS_DIR)/Liftoff.app/Contents/MacOS/Liftoff";
			};
			name = Debug;
		};
		486FEDAFAFA8E014E6C0CFC1 /* Release */ = {
			isa = XCBuildConfiguration;
			buildSettings = {
				ASSETCATALOG_COMPILER_APPICON_NAME = AppIcon;
				CODE_SIGN_ENTITLEMENTS = Liftoff/Resources/Liftoff.entitlements;
				COMBINE_HIDPI_IMAGES = YES;
				ENABLE_HARDENED_RUNTIME = YES;
				INFOPLIST_FILE = Liftoff/Resources/Info.plist;
				LD_RUNPATH_SEARCH_PATHS = (
					"$(inherited)",
					"@executable_path/../Frameworks",
				);
				PRODUCT_BUNDLE_IDENTIFIER = com.firstfu.Liftoff;
				PRODUCT_NAME = Liftoff;
				SDKROOT = macosx;
				SWIFT_OPTIMIZATION_LEVEL_Release = "-O";
			};
			name = Release;
		};
		F8BDC1D940915AFAF2D4F35E /* Release */ = {
			isa = XCBuildConfiguration;
			baseConfigurationReference = DDF43AD216A64875E0A87A87 /* Signing.xcconfig */;
			buildSettings = {
				ALWAYS_SEARCH_USER_PATHS = NO;
				CLANG_ANALYZER_NONNULL = YES;
				CLANG_ANALYZER_NUMBER_OBJECT_CONVERSION = YES_AGGRESSIVE;
				CLANG_CXX_LANGUAGE_STANDARD = "gnu++14";
				CLANG_CXX_LIBRARY = "libc++";
				CLANG_ENABLE_MODULES = YES;
				CLANG_ENABLE_OBJC_ARC = YES;
				CLANG_ENABLE_OBJC_WEAK = YES;
				CLANG_WARN_BLOCK_CAPTURE_AUTORELEASING = YES;
				CLANG_WARN_BOOL_CONVERSION = YES;
				CLANG_WARN_COMMA = YES;
				CLANG_WARN_CONSTANT_CONVERSION = YES;
				CLANG_WARN_DEPRECATED_OBJC_IMPLEMENTATIONS = YES;
				CLANG_WARN_DIRECT_OBJC_ISA_USAGE = YES_ERROR;
				CLANG_WARN_DOCUMENTATION_COMMENTS = YES;
				CLANG_WARN_EMPTY_BODY = YES;
				CLANG_WARN_ENUM_CONVERSION = YES;
				CLANG_WARN_INFINITE_RECURSION = YES;
				CLANG_WARN_INT_CONVERSION = YES;
				CLANG_WARN_NON_LITERAL_NULL_CONVERSION = YES;
				CLANG_WARN_OBJC_IMPLICIT_RETAIN_SELF = YES;
				CLANG_WARN_OBJC_LITERAL_CONVERSION = YES;
				CLANG_WARN_OBJC_ROOT_CLASS = YES_ERROR;
				CLANG_WARN_QUOTED_INCLUDE_IN_FRAMEWORK_HEADER = YES;
				CLANG_WARN_RANGE_LOOP_ANALYSIS = YES;
				CLANG_WARN_STRICT_PROTOTYPES = YES;
				CLANG_WARN_SUSPICIOUS_MOVE = YES;
				CLANG_WARN_UNGUARDED_AVAILABILITY = YES_AGGRESSIVE;
				CLANG_WARN_UNREACHABLE_CODE = YES;
				CLANG_WARN__DUPLICATE_METHOD_MATCH = YES;
				COPY_PHASE_STRIP = NO;
				DEAD_CODE_STRIPPING = YES;
				DEBUG_INFORMATION_FORMAT = "dwarf-with-dsym";
				ENABLE_NS_ASSERTIONS = NO;
				ENABLE_STRICT_OBJC_MSGSEND = YES;
				ENABLE_USER_SCRIPT_SANDBOXING = YES;
				GCC_C_LANGUAGE_STANDARD = gnu11;
				GCC_NO_COMMON_BLOCKS = YES;
				GCC_WARN_64_TO_32_BIT_CONVERSION = YES;
				GCC_WARN_ABOUT_RETURN_TYPE = YES_ERROR;
				GCC_WARN_UNDECLARED_SELECTOR = YES;
				GCC_WARN_UNINITIALIZED_AUTOS = YES_AGGRESSIVE;
				GCC_WARN_UNUSED_FUNCTION = YES;
				GCC_WARN_UNUSED_VARIABLE = YES;
				LOCALIZATION_PREFERS_STRING_CATALOGS = YES;
				MACOSX_DEPLOYMENT_TARGET = 26.0;
				MTL_ENABLE_DEBUG_INFO = NO;
				MTL_FAST_MATH = YES;
				PRODUCT_NAME = "$(TARGET_NAME)";
				SDKROOT = macosx;
				SWIFT_APPROACHABLE_CONCURRENCY = YES;
				SWIFT_COMPILATION_MODE = wholemodule;
				SWIFT_DEFAULT_ACTOR_ISOLATION = MainActor;
				SWIFT_OPTIMIZATION_LEVEL = "-O";
				SWIFT_STRICT_CONCURRENCY = complete;
				SWIFT_VERSION = 6.0;
			};
			name = Release;
		};
/* End XCBuildConfiguration section */

/* Begin XCConfigurationList section */
		5F3744B903173C35653B4AF2 /* Build configuration list for PBXProject "Liftoff" */ = {
			isa = XCConfigurationList;
			buildConfigurations = (
				2B8F8A73FCD7BB12C2CB13E2 /* Debug */,
				F8BDC1D940915AFAF2D4F35E /* Release */,
			);
			defaultConfigurationIsVisible = 0;
			defaultConfigurationName = Debug;
		};
		6AD2D86823608B419F8EF988 /* Build configuration list for PBXNativeTarget "LiftoffTests" */ = {
			isa = XCConfigurationList;
			buildConfigurations = (
				3E8083EB6DE0B4DB03CF232D /* Debug */,
				0B4CEF3CE9249664AA795548 /* Release */,
			);
			defaultConfigurationIsVisible = 0;
			defaultConfigurationName = Debug;
		};
		B0A833067376444B6E442FD7 /* Build configuration list for PBXNativeTarget "Liftoff" */ = {
			isa = XCConfigurationList;
			buildConfigurations = (
				02DB0FC402C0321AC7219640 /* Debug */,
				486FEDAFAFA8E014E6C0CFC1 /* Release */,
			);
			defaultConfigurationIsVisible = 0;
			defaultConfigurationName = Debug;
		};
/* End XCConfigurationList section */
	};
	rootObject = 07B76D5606EB549CB20E9200 /* Project object */;
}
